
Microsoft Visual Studio Solution File, Format Version 12.00
# Visual Studio Version 16
VisualStudioVersion = 25.0.1700.2
MinimumVisualStudioVersion = 10.0.40219.1
Project("{FAE04EC0-301F-11D3-BF4B-00C04F79EFBC}") = "StaticExercise", "StaticExercise\StaticExercise.csproj", "{847BFAA9-4A18-442E-B2AB-14CC13594E43}"
EndProject
Global
	GlobalSection(SolutionConfigurationPlatforms) = preSolution
		Debug|Any CPU = Debug|Any CPU
		Release|Any CPU = Release|Any CPU
	EndGlobalSection
	GlobalSection(ProjectConfigurationPlatforms) = postSolution
		{847BFAA9-4A18-442E-B2AB-14CC13594E43}.Debug|Any CPU.ActiveCfg = Debug|Any CPU
		{847BFAA9-4A18-442E-B2AB-14CC13594E43}.Debug|Any CPU.Build.0 = Debug|Any CPU
		{847BFAA9-4A18-442E-B2AB-14CC13594E43}.Release|Any CPU.ActiveCfg = Release|Any CPU
		{847BFAA9-4A18-442E-B2AB-14CC13594E43}.Release|Any CPU.Build.0 = Release|Any CPU
	EndGlobalSection
	GlobalSection(SolutionProperties) = preSolution
		HideSolutionNode = FALSE
	EndGlobalSection
	GlobalSection(ExtensibilityGlobals) = postSolution
		SolutionGuid = {476A2849-053E-4B49-8D8E-C206C067AFAB}
	EndGlobalSection
EndGlobal
